
Microsoft Visual Studio Solution File, Format Version 12.00
# Visual Studio 2012
Project("{FAE04EC0-301F-11D3-BF4B-00C04F79EFBC}") = "kOS-Mainframe", "kOS-Mainframe\kOS-Mainframe.csproj", "{0519264E-57B5-4796-A7B2-F02A37927E87}"
EndProject
Project("{FAE04EC0-301F-11D3-BF4B-00C04F79EFBC}") = "kOS-Mainframe-Test", "kOS-Mainframe-Test\kOS-Mainframe-Test.csproj", "{89F8CED8-CA82-465E-B347-A91BE9DF453E}"
EndProject
Global
	GlobalSection(SolutionConfigurationPlatforms) = preSolution
		Debug|Any CPU = Debug|Any CPU
		Release|Any CPU = Release|Any CPU
	EndGlobalSection
	GlobalSection(ProjectConfigurationPlatforms) = postSolution
		{0519264E-57B5-4796-A7B2-F02A37927E87}.Debug|Any CPU.ActiveCfg = Debug|Any CPU
		{0519264E-57B5-4796-A7B2-F02A37927E87}.Debug|Any CPU.Build.0 = Debug|Any CPU
		{0519264E-57B5-4796-A7B2-F02A37927E87}.Release|Any CPU.ActiveCfg = Release|Any CPU
		{0519264E-57B5-4796-A7B2-F02A37927E87}.Release|Any CPU.Build.0 = Release|Any CPU
		{89F8CED8-CA82-465E-B347-A91BE9DF453E}.Debug|Any CPU.ActiveCfg = Debug|Any CPU
		{89F8CED8-CA82-465E-B347-A91BE9DF453E}.Debug|Any CPU.Build.0 = Debug|Any CPU
		{89F8CED8-CA82-465E-B347-A91BE9DF453E}.Release|Any CPU.ActiveCfg = Release|Any CPU
		{89F8CED8-CA82-465E-B347-A91BE9DF453E}.Release|Any CPU.Build.0 = Release|Any CPU
	EndGlobalSection
EndGlobal
